{
  "name": "yaoshen-yu-academic-homepage",
  "version": "1.0.0",
  "lockfileVersion": 3,
  "requires": true,
  "packages": {
    "": {
      "name": "yaoshen-yu-academic-homepage",
      "version": "1.0.0",
      "dependencies": {
        "fitvids": "^2.1.1",
        "jquery": "^3.7.1",
        "jquery-smooth-scroll": "^2.2.0",
        "plotly.js-dist-min": "^3.3.0"
      },
      "devDependencies": {
        "uglify-js": "^3.17.4"
      }
    },
    "node_modules/fitvids": {
      "version": "2.1.1",
      "resolved": "https://registry.npmjs.org/fitvids/-/fitvids-2.1.1.tgz",
      "integrity": "sha512-CvbOFRzdw1X1IieeVBu5NqR0eEFoAHXzq0MwTXXpKomiLhoOCR1BKYncmzW8415AygYg4RetZWJKbAb5wHxIVQ==",
      "license": "WTFPL"
    },
    "node_modules/jquery": {
      "version": "3.7.1",
      "resolved": "https://registry.npmjs.org/jquery/-/jquery-3.7.1.tgz",
      "integrity": "sha512-m4avr8yL8kmFN8psrbFFFmB/If14iN5o9nw/NgnnM+kybDJpRsAynV2BsfpTYrTRysYUdADVD7CkUUizgkpLfg==",
      "license": "MIT"
    },
    "node_modules/jquery-smooth-scroll": {
      "version": "2.2.0",
      "resolved": "https://registry.npmjs.org/jquery-smooth-scroll/-/jquery-smooth-scroll-2.2.0.tgz",
      "integrity": "sha512-PINtbe5UCBSlQWSCtR+KrCXdFQB+pVVvoUAhBU1u0ewcaroSDXMRbMqc9XuzGnPvGIP0I5JaxuRj/IMfvZq7TQ==",
      "license": "MIT",
      "dependencies": {
        "jquery": ">=1.7.0"
      }
    },
    "node_modules/plotly.js-dist-min": {
      "version": "3.6.0",
      "resolved": "https://registry.npmjs.org/plotly.js-dist-min/-/plotly.js-dist-min-3.6.0.tgz",
      "integrity": "sha512-VR9jO2YdcEwbzVwtRyPE0eAieXFv1x5q6M9nnIgUS8FggahPrjiID6kzpnTYABwLX0gZkgEc0zxS6gQgVmgHzw==",
      "license": "MIT"
    },
    "node_modules/uglify-js": {
      "version": "3.19.3",
      "resolved": "https://registry.npmjs.org/uglify-js/-/uglify-js-3.19.3.tgz",
      "integrity": "sha512-v3Xu+yuwBXisp6QYTcH4UbH+xYJXqnq2m/LtQVWKWzYc1iehYnLixoQDN9FH6/j9/oybfd6W9Ghwkl8+UMKTKQ==",
      "dev": true,
      "license": "BSD-2-Clause",
      "bin": {
        "uglifyjs": "bin/uglifyjs"
      },
      "engines": {
        "node": ">=0.8.0"
      }
    }
  }
}
